
Microsoft Visual Studio Solution File, Format Version 12.00
# Visual Studio 15
VisualStudioVersion = 15.0.28010.2050
MinimumVisualStudioVersion = 10.0.40219.1
Project("{FAE04EC0-301F-11D3-BF4B-00C04F79EFBC}") = "Casa-di-Roma", "Casa-di-Roma\Casa-di-Roma.csproj", "{4216A7DC-E72D-41B7-9EA4-F53A4DE58A7F}"
EndProject
Global
	GlobalSection(SolutionConfigurationPlatforms) = preSolution
		Debug|Any CPU = Debug|Any CPU
		Release|Any CPU = Release|Any CPU
	EndGlobalSection
	GlobalSection(ProjectConfigurationPlatforms) = postSolution
		{4216A7DC-E72D-41B7-9EA4-F53A4DE58A7F}.Debug|Any CPU.ActiveCfg = Debug|Any CPU
		{4216A7DC-E72D-41B7-9EA4-F53A4DE58A7F}.Debug|Any CPU.Build.0 = Debug|Any CPU
		{4216A7DC-E72D-41B7-9EA4-F53A4DE58A7F}.Release|Any CPU.ActiveCfg = Release|Any CPU
		{4216A7DC-E72D-41B7-9EA4-F53A4DE58A7F}.Release|Any CPU.Build.0 = Release|Any CPU
	EndGlobalSection
	GlobalSection(SolutionProperties) = preSolution
		HideSolutionNode = FALSE
	EndGlobalSection
	GlobalSection(ExtensibilityGlobals) = postSolution
		SolutionGuid = {C5A57F1F-A28F-4636-AABA-539608E7AAFB}
	EndGlobalSection
EndGlobal
